{
  "name": "clutchlab-cs2parser-worker",
  "version": "1.0.0",
  "lockfileVersion": 3,
  "requires": true,
  "packages": {
    "": {
      "name": "clutchlab-cs2parser-worker",
      "version": "1.0.0",
      "dependencies": {
        "@laihoe/demoparser2": "^0.41.3",
        "cs2parser": "^1.11.1"
      },
      "engines": {
        "node": ">=22.0.0"
      }
    },
    "node_modules/@bufbuild/protobuf": {
      "version": "2.12.1",
      "resolved": "https://registry.npmjs.org/@bufbuild/protobuf/-/protobuf-2.12.1.tgz",
      "integrity": "sha512-BvAMfS6LrgZiryOAZ4pBYucu4wG/Ei/9o9DZ9akbREnMLbPJiom2i8b9C8IsKErQoiKqVhrerzt3kOT/RrzLHg==",
      "license": "(Apache-2.0 AND BSD-3-Clause)"
    },
    "node_modules/@emnapi/core": {
      "version": "1.11.2",
      "resolved": "https://registry.npmjs.org/@emnapi/core/-/core-1.11.2.tgz",
      "integrity": "sha512-TC8MkTuZUtcTSiFeuC0ksCh9QIJ5+F21MvZ4Wn4ORfYaFJ/0dsiudv5tVkejgwZlwQ39jL9WWDe2lz8x0WglOA==",
      "license": "MIT",
      "optional": true,
      "peer": true,
      "dependencies": {
        "@emnapi/wasi-threads": "1.2.2",
        "tslib": "^2.4.0"
      }
    },
    "node_modules/@emnapi/runtime": {
      "version": "1.11.2",
      "resolved": "https://registry.npmjs.org/@emnapi/runtime/-/runtime-1.11.2.tgz",
      "integrity": "sha512-kyOl3X0DuTiT1h2ft8r2fYO8JYtU9a9Xis/zBSiGArNaagCOWx90N1k2wxp18czFDH+OgcWGb5ZP/XMt3dcyPA==",
      "license": "MIT",
      "optional": true,
      "peer": true,
      "dependencies": {
        "tslib": "^2.4.0"
      }
    },
    "node_modules/@emnapi/wasi-threads": {
      "version": "1.2.2",
      "resolved": "https://registry.npmjs.org/@emnapi/wasi-threads/-/wasi-threads-1.2.2.tgz",
      "integrity": "sha512-c95qOXkHdydNKhscBTebqEC1CVAZpyqOfVfBzQ1qgzyl3gfeldUjIggDbIZgDKsHLgnsM+igH7TJ/eAasaVuMA==",
      "license": "MIT",
      "optional": true,
      "peer": true,
      "dependencies": {
        "tslib": "^2.4.0"
      }
    },
    "node_modules/@laihoe/demoparser2": {
      "version": "0.41.3",
      "resolved": "https://registry.npmjs.org/@laihoe/demoparser2/-/demoparser2-0.41.3.tgz",
      "integrity": "sha512-xra7p7p4Kdgn2FIOfA70cO/idXtQxLY6Uz/AQbCgi1y6js5bDAtuvegju2d6wZIXJoX3xOyte/3Sv0VX/Pb1Nw==",
      "license": "MIT",
      "engines": {
        "node": ">= 10"
      },
      "optionalDependencies": {
        "@laihoe/demoparser2-android-arm-eabi": "0.41.3",
        "@laihoe/demoparser2-android-arm64": "0.41.3",
        "@laihoe/demoparser2-darwin-arm64": "0.41.3",
        "@laihoe/demoparser2-darwin-universal": "0.41.3",
        "@laihoe/demoparser2-darwin-x64": "0.41.3",
        "@laihoe/demoparser2-freebsd-x64": "0.41.3",
        "@laihoe/demoparser2-linux-arm-gnueabihf": "0.41.3",
        "@laihoe/demoparser2-linux-arm64-gnu": "0.41.3",
        "@laihoe/demoparser2-linux-arm64-musl": "0.41.3",
        "@laihoe/demoparser2-linux-x64-gnu": "0.41.3",
        "@laihoe/demoparser2-linux-x64-musl": "0.41.3",
        "@laihoe/demoparser2-win32-arm64-msvc": "0.41.3",
        "@laihoe/demoparser2-win32-ia32-msvc": "0.41.3",
        "@laihoe/demoparser2-win32-x64-msvc": "0.41.3"
      }
    },
    "node_modules/@laihoe/demoparser2-android-arm-eabi": {
      "version": "0.41.3",
      "resolved": "https://registry.npmjs.org/@laihoe/demoparser2-android-arm-eabi/-/demoparser2-android-arm-eabi-0.41.3.tgz",
      "integrity": "sha512-pSF1BrhJdkZ7IqP/rA0L3DdafqRIxKKxAwlTzWriztxqtvNl6QL/2Zxpb4eLAZFiS0hOQ0NL9/qEB4BzteFvEQ==",
      "cpu": [
        "arm"
      ],
      "license": "MIT",
      "optional": true,
      "os": [
        "android"
      ],
      "engines": {
        "node": ">= 10"
      }
    },
    "node_modules/@laihoe/demoparser2-android-arm64": {
      "version": "0.41.3",
      "resolved": "https://registry.npmjs.org/@laihoe/demoparser2-android-arm64/-/demoparser2-android-arm64-0.41.3.tgz",
      "integrity": "sha512-6qcazTd9yxe9RmsX0hqEVgkDRoeNh58rJcSmTtwOL52dmluw9L9MHbf2KeEZ+XN8u6TMF6uIemYvUwrF9EJjHg==",
      "cpu": [
        "arm64"
      ],
      "license": "MIT",
      "optional": true,
      "os": [
        "android"
      ],
      "engines": {
        "node": ">= 10"
      }
    },
    "node_modules/@laihoe/demoparser2-darwin-arm64": {
      "version": "0.41.3",
      "resolved": "https://registry.npmjs.org/@laihoe/demoparser2-darwin-arm64/-/demoparser2-darwin-arm64-0.41.3.tgz",
      "integrity": "sha512-nOUCqfPwUvmZxwF2TYJmUMsXUSnSU/I6zfNK6nEwzT+yUPXTvQIKZoa+vrTgOApDYfuEJbVc2T1Eg4mr6orC0A==",
      "cpu": [
        "arm64"
      ],
      "license": "MIT",
      "optional": true,
      "os": [
        "darwin"
      ],
      "engines": {
        "node": ">= 10"
      }
    },
    "node_modules/@laihoe/demoparser2-linux-arm-gnueabihf": {
      "version": "0.41.3",
      "resolved": "https://registry.npmjs.org/@laihoe/demoparser2-linux-arm-gnueabihf/-/demoparser2-linux-arm-gnueabihf-0.41.3.tgz",
      "integrity": "sha512-cinTOS1l7B6WUJSZ4JtoB9TPVJ4ys1RVacYehCxvn8nttRHCGqAc1jpxHP1Po25i1y/9fS+XeeDOpKMaBHmfSQ==",
      "cpu": [
        "arm"
      ],
      "license": "MIT",
      "optional": true,
      "os": [
        "linux"
      ],
      "engines": {
        "node": ">= 10"
      }
    },
    "node_modules/@laihoe/demoparser2-linux-arm64-gnu": {
      "version": "0.41.3",
      "resolved": "https://registry.npmjs.org/@laihoe/demoparser2-linux-arm64-gnu/-/demoparser2-linux-arm64-gnu-0.41.3.tgz",
      "integrity": "sha512-wfrOosaZZ3kHTiE9RRQPKpgEWCXsVxpiiwkrtzKugteYrZqOgf6PimSZDHpBnU2Rem85uB6cb64Bfwn2TW/POg==",
      "cpu": [
        "arm64"
      ],
      "libc": [
        "glibc"
      ],
      "license": "MIT",
      "optional": true,
      "os": [
        "linux"
      ],
      "engines": {
        "node": ">= 10"
      }
    },
    "node_modules/@laihoe/demoparser2-linux-arm64-musl": {
      "version": "0.41.3",
      "resolved": "https://registry.npmjs.org/@laihoe/demoparser2-linux-arm64-musl/-/demoparser2-linux-arm64-musl-0.41.3.tgz",
      "integrity": "sha512-8OfGSSikqt5eRJEpDN60En5+d1BKT+8XHZFAO1jtOK44smpadPZI/9UK/DPDrEFPV3St70vuOyhGnojht+zSAw==",
      "cpu": [
        "arm64"
      ],
      "libc": [
        "musl"
      ],
      "license": "MIT",
      "optional": true,
      "os": [
        "linux"
      ],
      "engines": {
        "node": ">= 10"
      }
    },
    "node_modules/@laihoe/demoparser2-linux-x64-gnu": {
      "version": "0.41.3",
      "resolved": "https://registry.npmjs.org/@laihoe/demoparser2-linux-x64-gnu/-/demoparser2-linux-x64-gnu-0.41.3.tgz",
      "integrity": "sha512-1H//sLH5xZx6cXM7irS2PCTd+h+wbf3xDBOs9naBWFyT0yHE5OtRGBS3fckQ62EowiM0qJDeoueHk+0MCacARg==",
      "cpu": [
        "x64"
      ],
      "libc": [
        "glibc"
      ],
      "license": "MIT",
      "optional": true,
      "os": [
        "linux"
      ],
      "engines": {
        "node": ">= 10"
      }
    },
    "node_modules/@laihoe/demoparser2-linux-x64-musl": {
      "version": "0.41.3",
      "resolved": "https://registry.npmjs.org/@laihoe/demoparser2-linux-x64-musl/-/demoparser2-linux-x64-musl-0.41.3.tgz",
      "integrity": "sha512-WYyJG8r25xD4YxP9PVhlC51LqSDYHMDmwBfF4YDlBEft0ifQSDjNLN0fJDeIdyyaKiKqfd2oOqTdJwWHV4JRqg==",
      "cpu": [
        "x64"
      ],
      "libc": [
        "musl"
      ],
      "license": "MIT",
      "optional": true,
      "os": [
        "linux"
      ],
      "engines": {
        "node": ">= 10"
      }
    },
    "node_modules/@laihoe/demoparser2-win32-arm64-msvc": {
      "version": "0.41.3",
      "resolved": "https://registry.npmjs.org/@laihoe/demoparser2-win32-arm64-msvc/-/demoparser2-win32-arm64-msvc-0.41.3.tgz",
      "integrity": "sha512-zbuezU2UUEjvMkmnrS3cLd6ZODmixpG3i+QD1Wtk2jhyt0iv2G2+gkvn8wHg9yTASWFGe0Uu/EbpNZdSHWwIoQ==",
      "cpu": [
        "arm64"
      ],
      "license": "MIT",
      "optional": true,
      "os": [
        "win32"
      ],
      "engines": {
        "node": ">= 10"
      }
    },
    "node_modules/@laihoe/demoparser2-win32-x64-msvc": {
      "version": "0.41.3",
      "resolved": "https://registry.npmjs.org/@laihoe/demoparser2-win32-x64-msvc/-/demoparser2-win32-x64-msvc-0.41.3.tgz",
      "integrity": "sha512-9HFpNy3rX0xDn+BXtThu5m/VRguI7gDf6twI1PONTEmJDKnYJdFaWBBAYdzSgHXrV2hnc8bw1yRh+YeTYXMTDg==",
      "cpu": [
        "x64"
      ],
      "license": "MIT",
      "optional": true,
      "os": [
        "win32"
      ],
      "engines": {
        "node": ">= 10"
      }
    },
    "node_modules/@laihoe/demoparser2/node_modules/@laihoe/demoparser2-darwin-universal": {
      "optional": true
    },
    "node_modules/@laihoe/demoparser2/node_modules/@laihoe/demoparser2-darwin-x64": {
      "optional": true
    },
    "node_modules/@laihoe/demoparser2/node_modules/@laihoe/demoparser2-freebsd-x64": {
      "optional": true
    },
    "node_modules/@laihoe/demoparser2/node_modules/@laihoe/demoparser2-win32-ia32-msvc": {
      "optional": true
    },
    "node_modules/@napi-rs/snappy-android-arm-eabi": {
      "version": "7.3.3",
      "resolved": "https://registry.npmjs.org/@napi-rs/snappy-android-arm-eabi/-/snappy-android-arm-eabi-7.3.3.tgz",
      "integrity": "sha512-d4vUFFzNBvazGfB/KU8MnEax6itTIgRWXodPdZDnWKHy9HwVBndpCiedQDcSNHcZNYV36rx034rpn7SAuTL2NA==",
      "cpu": [
        "arm"
      ],
      "license": "MIT",
      "optional": true,
      "os": [
        "android"
      ],
      "engines": {
        "node": ">= 10"
      }
    },
    "node_modules/@napi-rs/snappy-android-arm64": {
      "version": "7.3.3",
      "resolved": "https://registry.npmjs.org/@napi-rs/snappy-android-arm64/-/snappy-android-arm64-7.3.3.tgz",
      "integrity": "sha512-Uh+w18dhzjVl85MGhRnojb7OLlX2ErvMsYIunO/7l3Frvc2zQvfqsWsFJanu2dwqlE2YDooeNP84S+ywgN9sxg==",
      "cpu": [
        "arm64"
      ],
      "license": "MIT",
      "optional": true,
      "os": [
        "android"
      ],
      "engines": {
        "node": ">= 10"
      }
    },
    "node_modules/@napi-rs/snappy-darwin-arm64": {
      "version": "7.3.3",
      "resolved": "https://registry.npmjs.org/@napi-rs/snappy-darwin-arm64/-/snappy-darwin-arm64-7.3.3.tgz",
      "integrity": "sha512-AmJn+6yOu/0V0YNHLKmRUNYkn93iv/1wtPayC7O1OHtfY6YqHQ31/MVeeRBiEYtQW9TwVZxXrDirxSB1PxRdtw==",
      "cpu": [
        "arm64"
      ],
      "license": "MIT",
      "optional": true,
      "os": [
        "darwin"
      ],
      "engines": {
        "node": ">= 10"
      }
    },
    "node_modules/@napi-rs/snappy-darwin-x64": {
      "version": "7.3.3",
      "resolved": "https://registry.npmjs.org/@napi-rs/snappy-darwin-x64/-/snappy-darwin-x64-7.3.3.tgz",
      "integrity": "sha512-biLTXBmPjPmO7HIpv+5BaV9Gy/4+QJSUNJW8Pjx1UlWAVnocPy7um+zbvAWStZssTI5sfn/jOClrAegD4w09UA==",
      "cpu": [
        "x64"
      ],
      "license": "MIT",
      "optional": true,
      "os": [
        "darwin"
      ],
      "engines": {
        "node": ">= 10"
      }
    },
    "node_modules/@napi-rs/snappy-freebsd-x64": {
      "version": "7.3.3",
      "resolved": "https://registry.npmjs.org/@napi-rs/snappy-freebsd-x64/-/snappy-freebsd-x64-7.3.3.tgz",
      "integrity": "sha512-E3R3ewm8Mrjm0yL2TC3VgnphDsQaCPixNJqBbGiz3NTshVDhlPlOgPKF0NGYqKiKaDGdD9PKtUgOR4vagUtn7g==",
      "cpu": [
        "x64"
      ],
      "license": "MIT",
      "optional": true,
      "os": [
        "freebsd"
      ],
      "engines": {
        "node": ">= 10"
      }
    },
    "node_modules/@napi-rs/snappy-linux-arm-gnueabihf": {
      "version": "7.3.3",
      "resolved": "https://registry.npmjs.org/@napi-rs/snappy-linux-arm-gnueabihf/-/snappy-linux-arm-gnueabihf-7.3.3.tgz",
      "integrity": "sha512-ZuNgtmk9j0KyT7TfLyEnvZJxOhbkyNR761nk04F0Q4NTHMICP28wQj0xgEsnCHUsEeA9OXrRL4R7waiLn+rOQA==",
      "cpu": [
        "arm"
      ],
      "license": "MIT",
      "optional": true,
      "os": [
        "linux"
      ],
      "engines": {
        "node": ">= 10"
      }
    },
    "node_modules/@napi-rs/snappy-linux-arm64-gnu": {
      "version": "7.3.3",
      "resolved": "https://registry.npmjs.org/@napi-rs/snappy-linux-arm64-gnu/-/snappy-linux-arm64-gnu-7.3.3.tgz",
      "integrity": "sha512-KIzwtq0dAzshzpqZWjg0Q9lUx93iZN7wCCUzCdLYIQ+mvJZKM10VCdn0RcuQze1R3UJTPwpPLXQIVskNMBYyPA==",
      "cpu": [
        "arm64"
      ],
      "libc": [
        "glibc"
      ],
      "license": "MIT",
      "optional": true,
      "os": [
        "linux"
      ],
      "engines": {
        "node": ">= 10"
      }
    },
    "node_modules/@napi-rs/snappy-linux-arm64-musl": {
      "version": "7.3.3",
      "resolved": "https://registry.npmjs.org/@napi-rs/snappy-linux-arm64-musl/-/snappy-linux-arm64-musl-7.3.3.tgz",
      "integrity": "sha512-AAED4cQS74xPvktsyVmz5sy8vSxG/+3d7Rq2FDBZzj3Fv6v5vux6uZnECPCAqpALCdTtJ61unqpOyqO7hZCt1Q==",
      "cpu": [
        "arm64"
      ],
      "libc": [
        "musl"
      ],
      "license": "MIT",
      "optional": true,
      "os": [
        "linux"
      ],
      "engines": {
        "node": ">= 10"
      }
    },
    "node_modules/@napi-rs/snappy-linux-ppc64-gnu": {
      "version": "7.3.3",
      "resolved": "https://registry.npmjs.org/@napi-rs/snappy-linux-ppc64-gnu/-/snappy-linux-ppc64-gnu-7.3.3.tgz",
      "integrity": "sha512-pofO5eSLg8ZTBwVae4WHHwJxJGZI8NEb4r5Mppvq12J/1/Hq1HecClXmfY3A7bdT2fsS2Td+Q7CI9VdBOj2sbA==",
      "cpu": [
        "ppc64"
      ],
      "libc": [
        "glibc"
      ],
      "license": "MIT",
      "optional": true,
      "os": [
        "linux"
      ],
      "engines": {
        "node": ">= 10"
      }
    },
    "node_modules/@napi-rs/snappy-linux-riscv64-gnu": {
      "version": "7.3.3",
      "resolved": "https://registry.npmjs.org/@napi-rs/snappy-linux-riscv64-gnu/-/snappy-linux-riscv64-gnu-7.3.3.tgz",
      "integrity": "sha512-OiHYdeuwj0TVBXADUmmQDQ4lL1TB+8EwmXnFgOutoDVXHaUl0CJFyXLa6tYUXe+gRY8hs1v7eb0vyE97LKY06Q==",
      "cpu": [
        "riscv64"
      ],
      "libc": [
        "glibc"
      ],
      "license": "MIT",
      "optional": true,
      "os": [
        "linux"
      ],
      "engines": {
        "node": ">= 10"
      }
    },
    "node_modules/@napi-rs/snappy-linux-s390x-gnu": {
      "version": "7.3.3",
      "resolved": "https://registry.npmjs.org/@napi-rs/snappy-linux-s390x-gnu/-/snappy-linux-s390x-gnu-7.3.3.tgz",
      "integrity": "sha512-66QdmuV9CTq/S/xifZXlMy3PsZTviAgkqqpZ+7vPCmLtuP+nqhaeupShOFf/sIDsS0gZePazPosPTeTBbhkLHg==",
      "cpu": [
        "s390x"
      ],
      "libc": [
        "glibc"
      ],
      "license": "MIT",
      "optional": true,
      "os": [
        "linux"
      ],
      "engines": {
        "node": ">= 10"
      }
    },
    "node_modules/@napi-rs/snappy-linux-x64-gnu": {
      "version": "7.3.3",
      "resolved": "https://registry.npmjs.org/@napi-rs/snappy-linux-x64-gnu/-/snappy-linux-x64-gnu-7.3.3.tgz",
      "integrity": "sha512-g6KURjOxrgb8yXDEZMuIcHkUr/7TKlDwSiydEQtMtP3n4iI4sNjkcE/WNKlR3+t9bZh1pFGAq7NFRBtouQGHpQ==",
      "cpu": [
        "x64"
      ],
      "libc": [
        "glibc"
      ],
      "license": "MIT",
      "optional": true,
      "os": [
        "linux"
      ],
      "engines": {
        "node": ">= 10"
      }
    },
    "node_modules/@napi-rs/snappy-linux-x64-musl": {
      "version": "7.3.3",
      "resolved": "https://registry.npmjs.org/@napi-rs/snappy-linux-x64-musl/-/snappy-linux-x64-musl-7.3.3.tgz",
      "integrity": "sha512-6UvOyczHknpaKjrlKKSlX3rwpOrfJwiMG6qA0NRKJFgbcCAEUxmN9A8JvW4inP46DKdQ0bekdOxwRtAhFiTDfg==",
      "cpu": [
        "x64"
      ],
      "libc": [
        "musl"
      ],
      "license": "MIT",
      "optional": true,
      "os": [
        "linux"
      ],
      "engines": {
        "node": ">= 10"
      }
    },
    "node_modules/@napi-rs/snappy-openharmony-arm64": {
      "version": "7.3.3",
      "resolved": "https://registry.npmjs.org/@napi-rs/snappy-openharmony-arm64/-/snappy-openharmony-arm64-7.3.3.tgz",
      "integrity": "sha512-I5mak/5rTprobf7wMCk0vFhClmWOL/QiIJM4XontysnadmP/R9hAcmuFmoMV2GaxC9MblqLA7Z++gy8ou5hJVw==",
      "cpu": [
        "arm64"
      ],
      "license": "MIT",
      "optional": true,
      "os": [
        "openharmony"
      ],
      "engines": {
        "node": ">= 10"
      }
    },
    "node_modules/@napi-rs/snappy-wasm32-wasi": {
      "version": "7.3.3",
      "resolved": "https://registry.npmjs.org/@napi-rs/snappy-wasm32-wasi/-/snappy-wasm32-wasi-7.3.3.tgz",
      "integrity": "sha512-+EroeygVYo9RksOchjF206frhMkfD2PaIun3yH4Zp5j/Y0oIEgs/+VhAYx/f+zHRylQYUIdLzDRclcoepvlR8Q==",
      "cpu": [
        "wasm32"
      ],
      "license": "MIT",
      "optional": true,
      "dependencies": {
        "@napi-rs/wasm-runtime": "^1.0.3"
      },
      "engines": {
        "node": ">=14.0.0"
      }
    },
    "node_modules/@napi-rs/snappy-win32-arm64-msvc": {
      "version": "7.3.3",
      "resolved": "https://registry.npmjs.org/@napi-rs/snappy-win32-arm64-msvc/-/snappy-win32-arm64-msvc-7.3.3.tgz",
      "integrity": "sha512-rxqfntBsCfzgOha/OlG8ld2hs6YSMGhpMUbFjeQLyVDbooY041fRXv3S7yk52DfO6H4QQhLT5+p7cW0mYdhyiQ==",
      "cpu": [
        "arm64"
      ],
      "license": "MIT",
      "optional": true,
      "os": [
        "win32"
      ],
      "engines": {
        "node": ">= 10"
      }
    },
    "node_modules/@napi-rs/snappy-win32-ia32-msvc": {
      "version": "7.3.3",
      "resolved": "https://registry.npmjs.org/@napi-rs/snappy-win32-ia32-msvc/-/snappy-win32-ia32-msvc-7.3.3.tgz",
      "integrity": "sha512-joRV16DsRtqjGt0CdSpxGCkO0UlHGeTZ/GqvdscoALpRKbikR2Top4C61dxEchmOd3lSYsXutuwWWGg3Nr++WA==",
      "cpu": [
        "ia32"
      ],
      "license": "MIT",
      "optional": true,
      "os": [
        "win32"
      ],
      "engines": {
        "node": ">= 10"
      }
    },
    "node_modules/@napi-rs/snappy-win32-x64-msvc": {
      "version": "7.3.3",
      "resolved": "https://registry.npmjs.org/@napi-rs/snappy-win32-x64-msvc/-/snappy-win32-x64-msvc-7.3.3.tgz",
      "integrity": "sha512-cEnQwcsdJyOU7HSZODWsHpKuQoSYM4jaqw/hn9pOXYbRN1+02WxYppD3fdMuKN6TOA6YG5KA5PHRNeVilNX86Q==",
      "cpu": [
        "x64"
      ],
      "license": "MIT",
      "optional": true,
      "os": [
        "win32"
      ],
      "engines": {
        "node": ">= 10"
      }
    },
    "node_modules/@napi-rs/wasm-runtime": {
      "version": "1.1.6",
      "resolved": "https://registry.npmjs.org/@napi-rs/wasm-runtime/-/wasm-runtime-1.1.6.tgz",
      "integrity": "sha512-ZLv/JdUfkvOy9eCnnBaGfiO+XimbjebAeO+MRQqD/B+FR1tnRN0tpKSJHRbE8sFfS6aqsXZ67TQjfwfsxULVbg==",
      "license": "MIT",
      "optional": true,
      "dependencies": {
        "@tybys/wasm-util": "^0.10.3"
      },
      "funding": {
        "type": "github",
        "url": "https://github.com/sponsors/Brooooooklyn"
      },
      "peerDependencies": {
        "@emnapi/core": "^1.7.1",
        "@emnapi/runtime": "^1.7.1"
      }
    },
    "node_modules/@tybys/wasm-util": {
      "version": "0.10.3",
      "resolved": "https://registry.npmjs.org/@tybys/wasm-util/-/wasm-util-0.10.3.tgz",
      "integrity": "sha512-F3fo1MYrRJYL3zER0OUOmkutjr1Vp23m7OsSgp7nq4SP6OqX6C/56XFIPAl5bt3zaBRjmW7SGz3u/6LwFpYcOg==",
      "license": "MIT",
      "optional": true,
      "dependencies": {
        "tslib": "^2.4.0"
      }
    },
    "node_modules/cs2parser": {
      "version": "1.11.1",
      "resolved": "https://registry.npmjs.org/cs2parser/-/cs2parser-1.11.1.tgz",
      "integrity": "sha512-Qlt3F4KxaT2Dyz7Wbcp6xaSBdPT38Ch+rAtKzk5FDjZPky5YZnv8WP7Edf9MfRfcTD4dg7LJLw9KxQ1DGCoqHw==",
      "license": "GPL-3.0",
      "dependencies": {
        "@bufbuild/protobuf": "^2.10.0",
        "snappy": "^7.3.3"
      },
      "engines": {
        "node": ">=22.0.0"
      }
    },
    "node_modules/snappy": {
      "version": "7.3.3",
      "resolved": "https://registry.npmjs.org/snappy/-/snappy-7.3.3.tgz",
      "integrity": "sha512-UDJVCunvgblRpfTOjo/uT7pQzfrTsSICJ4yVS4aq7SsGBaUSpJwaVP15nF//jqinSLpN7boe/BqbUmtWMTQ5MQ==",
      "license": "MIT",
      "engines": {
        "node": ">= 10"
      },
      "funding": {
        "type": "github",
        "url": "https://github.com/sponsors/Brooooooklyn"
      },
      "optionalDependencies": {
        "@napi-rs/snappy-android-arm-eabi": "7.3.3",
        "@napi-rs/snappy-android-arm64": "7.3.3",
        "@napi-rs/snappy-darwin-arm64": "7.3.3",
        "@napi-rs/snappy-darwin-x64": "7.3.3",
        "@napi-rs/snappy-freebsd-x64": "7.3.3",
        "@napi-rs/snappy-linux-arm-gnueabihf": "7.3.3",
        "@napi-rs/snappy-linux-arm64-gnu": "7.3.3",
        "@napi-rs/snappy-linux-arm64-musl": "7.3.3",
        "@napi-rs/snappy-linux-ppc64-gnu": "7.3.3",
        "@napi-rs/snappy-linux-riscv64-gnu": "7.3.3",
        "@napi-rs/snappy-linux-s390x-gnu": "7.3.3",
        "@napi-rs/snappy-linux-x64-gnu": "7.3.3",
        "@napi-rs/snappy-linux-x64-musl": "7.3.3",
        "@napi-rs/snappy-openharmony-arm64": "7.3.3",
        "@napi-rs/snappy-wasm32-wasi": "7.3.3",
        "@napi-rs/snappy-win32-arm64-msvc": "7.3.3",
        "@napi-rs/snappy-win32-ia32-msvc": "7.3.3",
        "@napi-rs/snappy-win32-x64-msvc": "7.3.3"
      }
    },
    "node_modules/tslib": {
      "version": "2.8.1",
      "resolved": "https://registry.npmjs.org/tslib/-/tslib-2.8.1.tgz",
      "integrity": "sha512-oJFu94HQb+KVduSUQL7wnpmqnfmLsOA/nAh6b6EH0wCEoK0/mPeXU6c3wKDV83MkOuHPRHtSXKKU99IBazS/2w==",
      "license": "0BSD",
      "optional": true
    }
  }
}
